<?xml version="1.0" encoding="utf-8"?>
<Project ToolsVersion="18.0" xmlns="http://schemas.microsoft.com/developer/msbuild/2003">
  <ItemGroup>
    <ClCompile Include="D:\Coding\frontend-sdl-cpp-git\src\notifications\DisplayToastNotification.cpp">
      <Filter>Source Files</Filter>
    </ClCompile>
    <ClCompile Include="D:\Coding\frontend-sdl-cpp-git\src\notifications\QuitNotification.cpp">
      <Filter>Source Files</Filter>
    </ClCompile>
    <ClCompile Include="D:\Coding\frontend-sdl-cpp-git\src\notifications\PlaybackControlNotification.cpp">
      <Filter>Source Files</Filter>
    </ClCompile>
    <ClCompile Include="D:\Coding\frontend-sdl-cpp-git\src\notifications\UpdateWindowTitleNotification.cpp">
      <Filter>Source Files</Filter>
    </ClCompile>
  </ItemGroup>
  <ItemGroup>
    <ClInclude Include="D:\Coding\frontend-sdl-cpp-git\src\notifications\DisplayToastNotification.h">
      <Filter>Header Files</Filter>
    </ClInclude>
    <ClInclude Include="D:\Coding\frontend-sdl-cpp-git\src\notifications\QuitNotification.h">
      <Filter>Header Files</Filter>
    </ClInclude>
    <ClInclude Include="D:\Coding\frontend-sdl-cpp-git\src\notifications\PlaybackControlNotification.h">
      <Filter>Header Files</Filter>
    </ClInclude>
    <ClInclude Include="D:\Coding\frontend-sdl-cpp-git\src\notifications\UpdateWindowTitleNotification.h">
      <Filter>Header Files</Filter>
    </ClInclude>
  </ItemGroup>
  <ItemGroup>
    <CustomBuild Include="D:\Coding\frontend-sdl-cpp-git\src\notifications\CMakeLists.txt" />
  </ItemGroup>
  <ItemGroup>
    <Filter Include="Header Files">
      <UniqueIdentifier>{E7C1E041-1036-3BD9-94C6-FA43F3AC4E5A}</UniqueIdentifier>
    </Filter>
    <Filter Include="Source Files">
      <UniqueIdentifier>{AB79F8C9-2CA0-3575-A90C-4DC344F62FAA}</UniqueIdentifier>
    </Filter>
  </ItemGroup>
</Project>
