<?xml version="1.0" encoding="utf-8"?>
<Project ToolsVersion="18.0" xmlns="http://schemas.microsoft.com/developer/msbuild/2003">
  <ItemGroup>
    <ClCompile Include="D:\Coding\frontend-sdl-cpp-git\src\AudioCapture.cpp">
      <Filter>Source Files</Filter>
    </ClCompile>
    <ClCompile Include="D:\Coding\frontend-sdl-cpp-git\src\FPSLimiter.cpp">
      <Filter>Source Files</Filter>
    </ClCompile>
    <ClCompile Include="D:\Coding\frontend-sdl-cpp-git\src\ProjectMSDLApplication.cpp">
      <Filter>Source Files</Filter>
    </ClCompile>
    <ClCompile Include="D:\Coding\frontend-sdl-cpp-git\src\ProjectMWrapper.cpp">
      <Filter>Source Files</Filter>
    </ClCompile>
    <ClCompile Include="D:\Coding\frontend-sdl-cpp-git\src\RenderLoop.cpp">
      <Filter>Source Files</Filter>
    </ClCompile>
    <ClCompile Include="D:\Coding\frontend-sdl-cpp-git\src\SDLRenderingWindow.cpp">
      <Filter>Source Files</Filter>
    </ClCompile>
    <ClCompile Include="D:\Coding\frontend-sdl-cpp-git\src\main.cpp">
      <Filter>Source Files</Filter>
    </ClCompile>
    <ClCompile Include="D:\Coding\frontend-sdl-cpp-git\src\AudioCaptureImpl_WASAPI.cpp">
      <Filter>Source Files</Filter>
    </ClCompile>
  </ItemGroup>
  <ItemGroup>
    <ClInclude Include="D:\Coding\frontend-sdl-cpp-git\src\AudioCapture.h">
      <Filter>Header Files</Filter>
    </ClInclude>
    <ClInclude Include="D:\Coding\frontend-sdl-cpp-git\src\FPSLimiter.h">
      <Filter>Header Files</Filter>
    </ClInclude>
    <ClInclude Include="D:\Coding\frontend-sdl-cpp-git\src\ProjectMSDLApplication.h">
      <Filter>Header Files</Filter>
    </ClInclude>
    <ClInclude Include="D:\Coding\frontend-sdl-cpp-git\src\ProjectMWrapper.h">
      <Filter>Header Files</Filter>
    </ClInclude>
    <ClInclude Include="D:\Coding\frontend-sdl-cpp-git\src\RenderLoop.h">
      <Filter>Header Files</Filter>
    </ClInclude>
    <ClInclude Include="D:\Coding\frontend-sdl-cpp-git\src\SDLRenderingWindow.h">
      <Filter>Header Files</Filter>
    </ClInclude>
    <ClInclude Include="D:\Coding\frontend-sdl-cpp-git\src\AudioCaptureImpl_WASAPI.h">
      <Filter>Header Files</Filter>
    </ClInclude>
  </ItemGroup>
  <ItemGroup>
    <CustomBuild Include="D:\Coding\frontend-sdl-cpp-git\src\CMakeLists.txt" />
  </ItemGroup>
  <ItemGroup>
    <ResourceCompile Include="D:\Coding\frontend-sdl-cpp-git\src\projectMSDL.rc">
      <Filter>Source Files</Filter>
    </ResourceCompile>
  </ItemGroup>
  <ItemGroup>
    <Filter Include="Header Files">
      <UniqueIdentifier>{E7C1E041-1036-3BD9-94C6-FA43F3AC4E5A}</UniqueIdentifier>
    </Filter>
    <Filter Include="Source Files">
      <UniqueIdentifier>{AB79F8C9-2CA0-3575-A90C-4DC344F62FAA}</UniqueIdentifier>
    </Filter>
  </ItemGroup>
</Project>
